PODS:
  - KeylessSDK (5.0.1)

DEPENDENCIES:
  - KeylessSDK (= 5.0.1)

SPEC REPOS:
  https://dl.cloudsmith.io/iDuTV6v7r8q5wfaI/keyless/partners/cocoapods/index.git:
    - KeylessSDK

SPEC CHECKSUMS:
  KeylessSDK: 53d81ccb0e42a58267a4a2a2faf21c3b7f82a01d

PODFILE CHECKSUM: a9cf787ee780a48859b4b6927c01fcaacf0add5c

COCOAPODS: 1.16.2
