PODS:
  - keyless-mobile-sdk (5.7.3)

DEPENDENCIES:
  - keyless-mobile-sdk (= 5.7.3)

SPEC REPOS:
  https://dl.cloudsmith.io/YOUR_CLOUDSMITH_TOKEN/keyless/partners/cocoapods/index.git:
    - keyless-mobile-sdk

SPEC CHECKSUMS:
  keyless-mobile-sdk: 8c8149b8fc816cb32411f614a310bd370e2ffeda

PODFILE CHECKSUM: 2e3f648c8a65d2796a5ac5721923f9f58055567b

COCOAPODS: 1.16.2
